<?xml version="1.0" encoding="utf-8"?>
<Project ToolsVersion="4.0" xmlns="http://schemas.microsoft.com/developer/msbuild/2003">
  <ItemGroup>
    <Filter Include="Source Files">
      <UniqueIdentifier>{63bf4457-5c55-42f0-bd34-ae294a0e6f1e}</UniqueIdentifier>
    </Filter>
    <Filter Include="Generated Files">
      <UniqueIdentifier>{30987220-e928-41a2-a941-73ff3ccdfcd2}</UniqueIdentifier>
      <SourceControlFiles>False</SourceControlFiles>
    </Filter>
  </ItemGroup>
  <ItemGroup>
    <None Include="HaiDianJiaXiaops.def" />
  </ItemGroup>
  <ItemGroup>
    <ClCompile Include="HaiDianJiaXiao_i.c">
      <Filter>Generated Files</Filter>
    </ClCompile>
    <ClCompile Include="HaiDianJiaXiao_p.c">
      <Filter>Generated Files</Filter>
    </ClCompile>
    <ClCompile Include="dlldata.c">
      <Filter>Generated Files</Filter>
    </ClCompile>
  </ItemGroup>
</Project>